
Microsoft Visual Studio Solution File, Format Version 12.00
# Visual Studio Version 17
VisualStudioVersion = 17.0.31903.59
MinimumVisualStudioVersion = 10.0.40219.1
Project("{FAE04EC0-301F-11D3-BF4B-00C04F79EFBC}") = "SignalRFeatureStore", "SignalRFeatureStore\SignalRFeatureStore.csproj", "{34EE9390-804B-4830-B1E2-6846A04E5201}"
EndProject
Project("{888888A0-9F3D-457C-B088-3A5042F75D52}") = "FeatureFactory", "FeatureFactory\FeatureFactory.pyproj", "{42BF6C80-5382-4C50-81D9-91028A25CC58}"
EndProject
Global
	GlobalSection(SolutionConfigurationPlatforms) = preSolution
		Debug|Any CPU = Debug|Any CPU
		Debug|x64 = Debug|x64
		Debug|x86 = Debug|x86
		Release|Any CPU = Release|Any CPU
		Release|x64 = Release|x64
		Release|x86 = Release|x86
	EndGlobalSection
	GlobalSection(ProjectConfigurationPlatforms) = postSolution
		{34EE9390-804B-4830-B1E2-6846A04E5201}.Debug|Any CPU.ActiveCfg = Debug|Any CPU
		{34EE9390-804B-4830-B1E2-6846A04E5201}.Debug|Any CPU.Build.0 = Debug|Any CPU
		{34EE9390-804B-4830-B1E2-6846A04E5201}.Debug|x64.ActiveCfg = Debug|Any CPU
		{34EE9390-804B-4830-B1E2-6846A04E5201}.Debug|x64.Build.0 = Debug|Any CPU
		{34EE9390-804B-4830-B1E2-6846A04E5201}.Debug|x86.ActiveCfg = Debug|Any CPU
		{34EE9390-804B-4830-B1E2-6846A04E5201}.Debug|x86.Build.0 = Debug|Any CPU
		{34EE9390-804B-4830-B1E2-6846A04E5201}.Release|Any CPU.ActiveCfg = Release|Any CPU
		{34EE9390-804B-4830-B1E2-6846A04E5201}.Release|Any CPU.Build.0 = Release|Any CPU
		{34EE9390-804B-4830-B1E2-6846A04E5201}.Release|x64.ActiveCfg = Release|Any CPU
		{34EE9390-804B-4830-B1E2-6846A04E5201}.Release|x64.Build.0 = Release|Any CPU
		{34EE9390-804B-4830-B1E2-6846A04E5201}.Release|x86.ActiveCfg = Release|Any CPU
		{34EE9390-804B-4830-B1E2-6846A04E5201}.Release|x86.Build.0 = Release|Any CPU
		{42BF6C80-5382-4C50-81D9-91028A25CC58}.Debug|Any CPU.ActiveCfg = Debug|Any CPU
		{42BF6C80-5382-4C50-81D9-91028A25CC58}.Debug|x64.ActiveCfg = Debug|Any CPU
		{42BF6C80-5382-4C50-81D9-91028A25CC58}.Debug|x86.ActiveCfg = Debug|Any CPU
		{42BF6C80-5382-4C50-81D9-91028A25CC58}.Release|Any CPU.ActiveCfg = Release|Any CPU
		{42BF6C80-5382-4C50-81D9-91028A25CC58}.Release|x64.ActiveCfg = Release|Any CPU
		{42BF6C80-5382-4C50-81D9-91028A25CC58}.Release|x86.ActiveCfg = Release|Any CPU
	EndGlobalSection
	GlobalSection(SolutionProperties) = preSolution
		HideSolutionNode = FALSE
	EndGlobalSection
EndGlobal
